
Microsoft Visual Studio Solution File, Format Version 12.00
# Visual Studio Version 17
VisualStudioVersion = 17.7.34009.444
MinimumVisualStudioVersion = 10.0.40219.1
Project("{FAE04EC0-301F-11D3-BF4B-00C04F79EFBC}") = "Application", "Application\Application.csproj", "{1812EEFE-E23F-4443-A83E-91F8C8B72219}"
EndProject
Project("{FAE04EC0-301F-11D3-BF4B-00C04F79EFBC}") = "Domain", "Domain\Domain.csproj", "{15B92295-8FE8-4C7C-8D32-6E056BCCA532}"
EndProject
Project("{FAE04EC0-301F-11D3-BF4B-00C04F79EFBC}") = "Infrastructure", "Infrastructure\Infrastructure.csproj", "{55B04500-E70E-4B1D-889B-7086E3DC860A}"
EndProject
Project("{2150E333-8FDC-42A3-9474-1A3956D46DE8}") = "Api", "Api", "{DC107862-D12D-44A3-9FE2-6088139C7198}"
EndProject
Project("{FAE04EC0-301F-11D3-BF4B-00C04F79EFBC}") = "TaskApi", "TaskApi\TaskApi.csproj", "{06E0DB11-F29B-4373-B51A-C7EFEF95DBB1}"
EndProject
Global
	GlobalSection(SolutionConfigurationPlatforms) = preSolution
		Debug|Any CPU = Debug|Any CPU
		Release|Any CPU = Release|Any CPU
	EndGlobalSection
	GlobalSection(ProjectConfigurationPlatforms) = postSolution
		{1812EEFE-E23F-4443-A83E-91F8C8B72219}.Debug|Any CPU.ActiveCfg = Debug|Any CPU
		{1812EEFE-E23F-4443-A83E-91F8C8B72219}.Debug|Any CPU.Build.0 = Debug|Any CPU
		{1812EEFE-E23F-4443-A83E-91F8C8B72219}.Release|Any CPU.ActiveCfg = Release|Any CPU
		{1812EEFE-E23F-4443-A83E-91F8C8B72219}.Release|Any CPU.Build.0 = Release|Any CPU
		{15B92295-8FE8-4C7C-8D32-6E056BCCA532}.Debug|Any CPU.ActiveCfg = Debug|Any CPU
		{15B92295-8FE8-4C7C-8D32-6E056BCCA532}.Debug|Any CPU.Build.0 = Debug|Any CPU
		{15B92295-8FE8-4C7C-8D32-6E056BCCA532}.Release|Any CPU.ActiveCfg = Release|Any CPU
		{15B92295-8FE8-4C7C-8D32-6E056BCCA532}.Release|Any CPU.Build.0 = Release|Any CPU
		{55B04500-E70E-4B1D-889B-7086E3DC860A}.Debug|Any CPU.ActiveCfg = Debug|Any CPU
		{55B04500-E70E-4B1D-889B-7086E3DC860A}.Debug|Any CPU.Build.0 = Debug|Any CPU
		{55B04500-E70E-4B1D-889B-7086E3DC860A}.Release|Any CPU.ActiveCfg = Release|Any CPU
		{55B04500-E70E-4B1D-889B-7086E3DC860A}.Release|Any CPU.Build.0 = Release|Any CPU
		{06E0DB11-F29B-4373-B51A-C7EFEF95DBB1}.Debug|Any CPU.ActiveCfg = Debug|Any CPU
		{06E0DB11-F29B-4373-B51A-C7EFEF95DBB1}.Debug|Any CPU.Build.0 = Debug|Any CPU
		{06E0DB11-F29B-4373-B51A-C7EFEF95DBB1}.Release|Any CPU.ActiveCfg = Release|Any CPU
		{06E0DB11-F29B-4373-B51A-C7EFEF95DBB1}.Release|Any CPU.Build.0 = Release|Any CPU
	EndGlobalSection
	GlobalSection(SolutionProperties) = preSolution
		HideSolutionNode = FALSE
	EndGlobalSection
	GlobalSection(NestedProjects) = preSolution
		{06E0DB11-F29B-4373-B51A-C7EFEF95DBB1} = {DC107862-D12D-44A3-9FE2-6088139C7198}
	EndGlobalSection
	GlobalSection(ExtensibilityGlobals) = postSolution
		SolutionGuid = {B36A39A3-DC10-4696-9FD8-3FAFEECA99E4}
	EndGlobalSection
EndGlobal
